// !$*UTF8*$!
{
	archiveVersion = 1;
	classes = {
	};
	objectVersion = 46;
	objects = {

/* Begin PBXBuildFile section */
		AE01B43F1A54BB8E006BFB38 /* icon.JPG in Resources */ = {isa = PBXBuildFile; fileRef = AE01B43E1A54BB8E006BFB38 /* icon.JPG */; };
		AE068F961A22C0050007634E /* FeedController.m in Sources */ = {isa = PBXBuildFile; fileRef = AE068F951A22C0050007634E /* FeedController.m */; };
		AE068F991A22C7E60007634E /* FeedCell.m in Sources */ = {isa = PBXBuildFile; fileRef = AE068F981A22C7E60007634E /* FeedCell.m */; };
		AE0CEE5F1A54BE3000C32CB1 /* Images.xcassets in Resources */ = {isa = PBXBuildFile; fileRef = AE0CEE5E1A54BE3000C32CB1 /* Images.xcassets */; };
		AE0CEE611A54E01B00C32CB1 /* office_chair@3x.png in Resources */ = {isa = PBXBuildFile; fileRef = AE0CEE601A54E01B00C32CB1 /* office_chair@3x.png */; };
		AE0CEE631A54E1F000C32CB1 /* users_three_2@3x.png in Resources */ = {isa = PBXBuildFile; fileRef = AE0CEE621A54E1F000C32CB1 /* users_three_2@3x.png */; };
		AE0CEE651A54E28A00C32CB1 /* top_charts@3x.png in Resources */ = {isa = PBXBuildFile; fileRef = AE0CEE641A54E28A00C32CB1 /* top_charts@3x.png */; };
		AE0CEE671A54E35D00C32CB1 /* arrows_in@3x.png in Resources */ = {isa = PBXBuildFile; fileRef = AE0CEE661A54E35D00C32CB1 /* arrows_in@3x.png */; };
		AE10A6D61A49501A008A6C44 /* SubscriptionsCell.m in Sources */ = {isa = PBXBuildFile; fileRef = AE10A6D51A49501A008A6C44 /* SubscriptionsCell.m */; };
		AE1A21E119C66EEF009D5019 /* main.m in Sources */ = {isa = PBXBuildFile; fileRef = AE1A21E019C66EEF009D5019 /* main.m */; };
		AE1A21E419C66EEF009D5019 /* AppDelegate.m in Sources */ = {isa = PBXBuildFile; fileRef = AE1A21E319C66EEF009D5019 /* AppDelegate.m */; };
		AE1A21E719C66EEF009D5019 /* ViewController.m in Sources */ = {isa = PBXBuildFile; fileRef = AE1A21E619C66EEF009D5019 /* ViewController.m */; };
		AE1A220B19C67897009D5019 /* AudioToolbox.framework in Frameworks */ = {isa = PBXBuildFile; fileRef = AE1A220A19C67897009D5019 /* AudioToolbox.framework */; };
		AE1A220D19C6789F009D5019 /* StoreKit.framework in Frameworks */ = {isa = PBXBuildFile; fileRef = AE1A220C19C6789F009D5019 /* StoreKit.framework */; };
		AE1A220F19C678A8009D5019 /* CoreGraphics.framework in Frameworks */ = {isa = PBXBuildFile; fileRef = AE1A220E19C678A8009D5019 /* CoreGraphics.framework */; };
		AE1A221119C678AC009D5019 /* QuartzCore.framework in Frameworks */ = {isa = PBXBuildFile; fileRef = AE1A221019C678AC009D5019 /* QuartzCore.framework */; };
		AE1A221319C67EC1009D5019 /* libz.dylib in Frameworks */ = {isa = PBXBuildFile; fileRef = AE1A221219C67EC1009D5019 /* libz.dylib */; };
		AE1A221519C67ECD009D5019 /* CFNetwork.framework in Frameworks */ = {isa = PBXBuildFile; fileRef = AE1A221419C67ECD009D5019 /* CFNetwork.framework */; };
		AE1A221719C67EE2009D5019 /* CoreLocation.framework in Frameworks */ = {isa = PBXBuildFile; fileRef = AE1A221619C67EE2009D5019 /* CoreLocation.framework */; };
		AE1A221919C67EEF009D5019 /* MobileCoreServices.framework in Frameworks */ = {isa = PBXBuildFile; fileRef = AE1A221819C67EEF009D5019 /* MobileCoreServices.framework */; };
		AE1A221B19C67EF7009D5019 /* Security.framework in Frameworks */ = {isa = PBXBuildFile; fileRef = AE1A221A19C67EF7009D5019 /* Security.framework */; };
		AE1A221D19C67F0A009D5019 /* SystemConfiguration.framework in Frameworks */ = {isa = PBXBuildFile; fileRef = AE1A221C19C67F0A009D5019 /* SystemConfiguration.framework */; };
		AE1A50AA1AD796E3003F8485 /* panther.jpg in Resources */ = {isa = PBXBuildFile; fileRef = AE1A50A91AD796E3003F8485 /* panther.jpg */; };
		AE1B0FAF19DBD3E30061FD4D /* nphs1.jpeg in Resources */ = {isa = PBXBuildFile; fileRef = AE1B0FAE19DBD3E30061FD4D /* nphs1.jpeg */; };
		AE1B0FB119DBD3E80061FD4D /* nphs2.jpg in Resources */ = {isa = PBXBuildFile; fileRef = AE1B0FB019DBD3E80061FD4D /* nphs2.jpg */; };
		AE2107711AD4714400CBC8C0 /* UIButton+IndexPath.m in Sources */ = {isa = PBXBuildFile; fileRef = AE2107631AD4714400CBC8C0 /* UIButton+IndexPath.m */; };
		AE2107721AD4714400CBC8C0 /* SRFSurfboardPanelCell.m in Sources */ = {isa = PBXBuildFile; fileRef = AE2107661AD4714400CBC8C0 /* SRFSurfboardPanelCell.m */; };
		AE2107731AD4714400CBC8C0 /* SRFSurfboardPanelCell.xib in Resources */ = {isa = PBXBuildFile; fileRef = AE2107671AD4714400CBC8C0 /* SRFSurfboardPanelCell.xib */; };
		AE2107741AD4714400CBC8C0 /* SRFSurfboardPanel.m in Sources */ = {isa = PBXBuildFile; fileRef = AE21076A1AD4714400CBC8C0 /* SRFSurfboardPanel.m */; };
		AE2107751AD4714400CBC8C0 /* SRFSurfboardViewController.m in Sources */ = {isa = PBXBuildFile; fileRef = AE2107701AD4714400CBC8C0 /* SRFSurfboardViewController.m */; };
		AE2107781AD471FB00CBC8C0 /* panels.json in Resources */ = {isa = PBXBuildFile; fileRef = AE2107761AD471FB00CBC8C0 /* panels.json */; };
		AE21077B1AD52C7600CBC8C0 /* beep1.png in Resources */ = {isa = PBXBuildFile; fileRef = AE21077A1AD52C7600CBC8C0 /* beep1.png */; };
		AE21077D1AD52E2800CBC8C0 /* hacking.png in Resources */ = {isa = PBXBuildFile; fileRef = AE21077C1AD52E2800CBC8C0 /* hacking.png */; };
		AE23DAC51AD22B5500289201 /* BeepSpotlightVC.m in Sources */ = {isa = PBXBuildFile; fileRef = AE23DAC41AD22B5500289201 /* BeepSpotlightVC.m */; };
		AE2849C61AC8DF20003E7C62 /* BeepSendVC.m in Sources */ = {isa = PBXBuildFile; fileRef = AE7E08351AC257AD0063DB63 /* BeepSendVC.m */; };
		AE315F1119EBA6160021D539 /* CreditsTableViewController.m in Sources */ = {isa = PBXBuildFile; fileRef = AE315F1019EBA6160021D539 /* CreditsTableViewController.m */; };
		AE346A931ABFBE82006B5A85 /* NPAppIcon3.png in Resources */ = {isa = PBXBuildFile; fileRef = AE346A921ABFBE82006B5A85 /* NPAppIcon3.png */; };
		AE3B5AEA19D7AA59002207E1 /* DraggableView.m in Sources */ = {isa = PBXBuildFile; fileRef = AE3B5AE519D7AA59002207E1 /* DraggableView.m */; };
		AE3B5AEB19D7AA59002207E1 /* DraggableViewBackground.m in Sources */ = {isa = PBXBuildFile; fileRef = AE3B5AE719D7AA59002207E1 /* DraggableViewBackground.m */; };
		AE3B5AEC19D7AA59002207E1 /* OverlayView.m in Sources */ = {isa = PBXBuildFile; fileRef = AE3B5AE919D7AA59002207E1 /* OverlayView.m */; };
		AE3B5AF019D7BCF8002207E1 /* NotificationViewController.m in Sources */ = {isa = PBXBuildFile; fileRef = AE3B5AEF19D7BCF8002207E1 /* NotificationViewController.m */; };
		AE3B5AF319D80988002207E1 /* LoginViewController.m in Sources */ = {isa = PBXBuildFile; fileRef = AE3B5AF219D80988002207E1 /* LoginViewController.m */; };
		AE44B71419DFB34E003776AC /* RKDropdownAlert.m in Sources */ = {isa = PBXBuildFile; fileRef = AE44B71319DFB34E003776AC /* RKDropdownAlert.m */; };
		AE451EC11A319A5E00399E1C /* CreditsCell.m in Sources */ = {isa = PBXBuildFile; fileRef = AE451EC01A319A5E00399E1C /* CreditsCell.m */; };
		AE50417D1AB65CDA00E70DF4 /* BeepViewController.m in Sources */ = {isa = PBXBuildFile; fileRef = AE50417C1AB65CDA00E70DF4 /* BeepViewController.m */; };
		AE5BA6611A88022100CEB715 /* Bolts.framework in Frameworks */ = {isa = PBXBuildFile; fileRef = AE5BA65F1A88022100CEB715 /* Bolts.framework */; };
		AE5BA6641A88027D00CEB715 /* ParseUI.framework in Frameworks */ = {isa = PBXBuildFile; fileRef = AE5BA6631A88027D00CEB715 /* ParseUI.framework */; };
		AE5BA6661A8802FF00CEB715 /* libsqlite3.0.dylib in Frameworks */ = {isa = PBXBuildFile; fileRef = AE5BA6651A8802FF00CEB715 /* libsqlite3.0.dylib */; };
		AE5BA6691A8805A400CEB715 /* ParseCrashReporting.framework in Frameworks */ = {isa = PBXBuildFile; fileRef = AE5BA6681A8805A400CEB715 /* ParseCrashReporting.framework */; };
		AE5BA66B1A8805E900CEB715 /* libstdc++.6.0.9.dylib in Frameworks */ = {isa = PBXBuildFile; fileRef = AE5BA66A1A8805E900CEB715 /* libstdc++.6.0.9.dylib */; };
		AE5C07D91AC9288F00B73832 /* note-write-7.png in Resources */ = {isa = PBXBuildFile; fileRef = AE5C07D81AC9288F00B73832 /* note-write-7.png */; };
		AE63B4701ACCF63300CA2967 /* icon1.png in Resources */ = {isa = PBXBuildFile; fileRef = AE63B46F1ACCF63300CA2967 /* icon1.png */; };
		AE63B4721ACD0F1500CA2967 /* rsz_appicon.png in Resources */ = {isa = PBXBuildFile; fileRef = AE63B4711ACD0F1500CA2967 /* rsz_appicon.png */; };
		AE66B9E21A947ABA00EADEB4 /* Parse.framework in Frameworks */ = {isa = PBXBuildFile; fileRef = AE66B9E11A947ABA00EADEB4 /* Parse.framework */; };
		AE6919DD19EA350000CC7FE2 /* Foundation.framework in Frameworks */ = {isa = PBXBuildFile; fileRef = AE6919DC19EA350000CC7FE2 /* Foundation.framework */; };
		AE6919DE19EA350D00CC7FE2 /* UIKit.framework in Frameworks */ = {isa = PBXBuildFile; fileRef = AE6919DA19EA34C700CC7FE2 /* UIKit.framework */; };
		AE6919E119EA78C300CC7FE2 /* SubscriptionsTableViewController.m in Sources */ = {isa = PBXBuildFile; fileRef = AE6919E019EA78C300CC7FE2 /* SubscriptionsTableViewController.m */; };
		AE7E08331AC254410063DB63 /* new@3x.png in Resources */ = {isa = PBXBuildFile; fileRef = AE7E08321AC254410063DB63 /* new@3x.png */; };
		AE818EB91A2041FF0054631E /* SplashViewController.m in Sources */ = {isa = PBXBuildFile; fileRef = AE818EB81A2041FF0054631E /* SplashViewController.m */; };
		AE818EC91A20444C0054631E /* FBShimmeringLayer.m in Sources */ = {isa = PBXBuildFile; fileRef = AE818EC61A20444C0054631E /* FBShimmeringLayer.m */; };
		AE818ECA1A20444C0054631E /* FBShimmeringView.m in Sources */ = {isa = PBXBuildFile; fileRef = AE818EC81A20444C0054631E /* FBShimmeringView.m */; };
		AE818ECC1A204E890054631E /* AROMA-Light.ttf in Resources */ = {isa = PBXBuildFile; fileRef = AE818ECB1A204E890054631E /* AROMA-Light.ttf */; };
		AE818ECF1A2051EA0054631E /* Dekar Light.otf in Resources */ = {isa = PBXBuildFile; fileRef = AE818ECE1A2051EA0054631E /* Dekar Light.otf */; };
		AE83E0B81A469EB40040D422 /* nphs3.JPG in Resources */ = {isa = PBXBuildFile; fileRef = AE83E0B71A469EB40040D422 /* nphs3.JPG */; };
		AE92214E1A5FDED1003687A2 /* DetailTableViewController.m in Sources */ = {isa = PBXBuildFile; fileRef = AE92213A1A5FDED1003687A2 /* DetailTableViewController.m */; };
		AE92214F1A5FDED1003687A2 /* GTMNSString+HTML.m in Sources */ = {isa = PBXBuildFile; fileRef = AE92213C1A5FDED1003687A2 /* GTMNSString+HTML.m */; };
		AE9221501A5FDED1003687A2 /* MWFeedInfo.m in Sources */ = {isa = PBXBuildFile; fileRef = AE92213E1A5FDED1003687A2 /* MWFeedInfo.m */; };
		AE9221511A5FDED1003687A2 /* MWFeedItem.m in Sources */ = {isa = PBXBuildFile; fileRef = AE9221401A5FDED1003687A2 /* MWFeedItem.m */; };
		AE9221521A5FDED1003687A2 /* MWFeedParser.m in Sources */ = {isa = PBXBuildFile; fileRef = AE9221431A5FDED1003687A2 /* MWFeedParser.m */; };
		AE9221531A5FDED1003687A2 /* MWFeedParserAppDelegate.m in Sources */ = {isa = PBXBuildFile; fileRef = AE9221451A5FDED1003687A2 /* MWFeedParserAppDelegate.m */; };
		AE9221541A5FDED1003687A2 /* NSDate+InternetDateTime.m in Sources */ = {isa = PBXBuildFile; fileRef = AE9221471A5FDED1003687A2 /* NSDate+InternetDateTime.m */; };
		AE9221551A5FDED1003687A2 /* NSString+HTML.m in Sources */ = {isa = PBXBuildFile; fileRef = AE9221491A5FDED1003687A2 /* NSString+HTML.m */; };
		AE9221561A5FDED1003687A2 /* NSString+XMLEntities.m in Sources */ = {isa = PBXBuildFile; fileRef = AE92214B1A5FDED1003687A2 /* NSString+XMLEntities.m */; };
		AE9221571A5FDED1003687A2 /* RootViewController.m in Sources */ = {isa = PBXBuildFile; fileRef = AE92214D1A5FDED1003687A2 /* RootViewController.m */; };
		AEA625E519DE9F4A00200AA6 /* notification.jpg in Resources */ = {isa = PBXBuildFile; fileRef = AEA625E419DE9F4A00200AA6 /* notification.jpg */; };
		AEAB2C571AB3F6120084D592 /* BeepHelpViewController.m in Sources */ = {isa = PBXBuildFile; fileRef = AEAB2C561AB3F6120084D592 /* BeepHelpViewController.m */; };
		AEB23F091AAE5B5900CC878A /* BeepCell.m in Sources */ = {isa = PBXBuildFile; fileRef = AEB23F081AAE5B5900CC878A /* BeepCell.m */; };
		AED7D9541A20251400016D3D /* SplashViewController.xib in Resources */ = {isa = PBXBuildFile; fileRef = AED7D9521A20251400016D3D /* SplashViewController.xib */; };
		AEE176A41AB58193008CCC35 /* info.png in Resources */ = {isa = PBXBuildFile; fileRef = AEE176A31AB58193008CCC35 /* info.png */; };
		AEEF733B1A535A2F00B79DFE /* feedIcon.png in Resources */ = {isa = PBXBuildFile; fileRef = AEEF733A1A535A2F00B79DFE /* feedIcon.png */; };
		AEEF733D1A535B6100B79DFE /* rss-7.png in Resources */ = {isa = PBXBuildFile; fileRef = AEEF733C1A535B6100B79DFE /* rss-7.png */; };
		AEFA46C61A88A72300AB634B /* Main.storyboard in Resources */ = {isa = PBXBuildFile; fileRef = AE1A21E819C66EEF009D5019 /* Main.storyboard */; };
		AEFA46C71A88A72600AB634B /* LaunchScreen.xib in Resources */ = {isa = PBXBuildFile; fileRef = AE1A21ED19C66EEF009D5019 /* LaunchScreen.xib */; };
/* End PBXBuildFile section */

/* Begin PBXFileReference section */
		AE01B43E1A54BB8E006BFB38 /* icon.JPG */ = {isa = PBXFileReference; lastKnownFileType = image.jpeg; path = icon.JPG; sourceTree = "<group>"; };
		AE068F941A22C0050007634E /* FeedController.h */ = {isa = PBXFileReference; fileEncoding = 4; lastKnownFileType = sourcecode.c.h; path = FeedController.h; sourceTree = "<group>"; };
		AE068F951A22C0050007634E /* FeedController.m */ = {isa = PBXFileReference; fileEncoding = 4; lastKnownFileType = sourcecode.c.objc; path = FeedController.m; sourceTree = "<group>"; };
		AE068F971A22C7E60007634E /* FeedCell.h */ = {isa = PBXFileReference; fileEncoding = 4; lastKnownFileType = sourcecode.c.h; path = FeedCell.h; sourceTree = "<group>"; };
		AE068F981A22C7E60007634E /* FeedCell.m */ = {isa = PBXFileReference; fileEncoding = 4; lastKnownFileType = sourcecode.c.objc; path = FeedCell.m; sourceTree = "<group>"; };
		AE0CEE5E1A54BE3000C32CB1 /* Images.xcassets */ = {isa = PBXFileReference; lastKnownFileType = folder.assetcatalog; path = Images.xcassets; sourceTree = "<group>"; };
		AE0CEE601A54E01B00C32CB1 /* office_chair@3x.png */ = {isa = PBXFileReference; lastKnownFileType = image.png; path = "office_chair@3x.png"; sourceTree = "<group>"; };
		AE0CEE621A54E1F000C32CB1 /* users_three_2@3x.png */ = {isa = PBXFileReference; lastKnownFileType = image.png; path = "users_three_2@3x.png"; sourceTree = "<group>"; };
		AE0CEE641A54E28A00C32CB1 /* top_charts@3x.png */ = {isa = PBXFileReference; lastKnownFileType = image.png; path = "top_charts@3x.png"; sourceTree = "<group>"; };
		AE0CEE661A54E35D00C32CB1 /* arrows_in@3x.png */ = {isa = PBXFileReference; lastKnownFileType = image.png; path = "arrows_in@3x.png"; sourceTree = "<group>"; };
		AE10A6D41A49501A008A6C44 /* SubscriptionsCell.h */ = {isa = PBXFileReference; fileEncoding = 4; lastKnownFileType = sourcecode.c.h; name = SubscriptionsCell.h; path = ../SubscriptionsCell.h; sourceTree = "<group>"; };
		AE10A6D51A49501A008A6C44 /* SubscriptionsCell.m */ = {isa = PBXFileReference; fileEncoding = 4; lastKnownFileType = sourcecode.c.objc; name = SubscriptionsCell.m; path = ../SubscriptionsCell.m; sourceTree = "<group>"; };
		AE1A21DB19C66EEF009D5019 /* NPHSApp.app */ = {isa = PBXFileReference; explicitFileType = wrapper.application; includeInIndex = 0; path = NPHSApp.app; sourceTree = BUILT_PRODUCTS_DIR; };
		AE1A21DF19C66EEF009D5019 /* Info.plist */ = {isa = PBXFileReference; lastKnownFileType = text.plist.xml; path = Info.plist; sourceTree = "<group>"; };
		AE1A21E019C66EEF009D5019 /* main.m */ = {isa = PBXFileReference; lastKnownFileType = sourcecode.c.objc; path = main.m; sourceTree = "<group>"; };
		AE1A21E219C66EEF009D5019 /* AppDelegate.h */ = {isa = PBXFileReference; lastKnownFileType = sourcecode.c.h; path = AppDelegate.h; sourceTree = "<group>"; };
		AE1A21E319C66EEF009D5019 /* AppDelegate.m */ = {isa = PBXFileReference; lastKnownFileType = sourcecode.c.objc; path = AppDelegate.m; sourceTree = "<group>"; };
		AE1A21E519C66EEF009D5019 /* ViewController.h */ = {isa = PBXFileReference; lastKnownFileType = sourcecode.c.h; path = ViewController.h; sourceTree = "<group>"; };
		AE1A21E619C66EEF009D5019 /* ViewController.m */ = {isa = PBXFileReference; lastKnownFileType = sourcecode.c.objc; path = ViewController.m; sourceTree = "<group>"; };
		AE1A21E919C66EEF009D5019 /* Base */ = {isa = PBXFileReference; lastKnownFileType = file.storyboard; name = Base; path = Base.lproj/Main.storyboard; sourceTree = "<group>"; };
		AE1A21EE19C66EEF009D5019 /* Base */ = {isa = PBXFileReference; lastKnownFileType = file.xib; name = Base; path = Base.lproj/LaunchScreen.xib; sourceTree = "<group>"; };
		AE1A21F919C66EF0009D5019 /* Info.plist */ = {isa = PBXFileReference; lastKnownFileType = text.plist.xml; path = Info.plist; sourceTree = "<group>"; };
		AE1A21FA19C66EF0009D5019 /* NPHSAppTests.m */ = {isa = PBXFileReference; lastKnownFileType = sourcecode.c.objc; path = NPHSAppTests.m; sourceTree = "<group>"; };
		AE1A220619C6751A009D5019 /* ParseFacebookUtils.framework */ = {isa = PBXFileReference; lastKnownFileType = wrapper.framework; name = ParseFacebookUtils.framework; path = "../../../Downloads/parse-library-1.3.0/ParseFacebookUtils.framework"; sourceTree = "<group>"; };
		AE1A220A19C67897009D5019 /* AudioToolbox.framework */ = {isa = PBXFileReference; lastKnownFileType = wrapper.framework; name = AudioToolbox.framework; path = System/Library/Frameworks/AudioToolbox.framework; sourceTree = SDKROOT; };
		AE1A220C19C6789F009D5019 /* StoreKit.framework */ = {isa = PBXFileReference; lastKnownFileType = wrapper.framework; name = StoreKit.framework; path = System/Library/Frameworks/StoreKit.framework; sourceTree = SDKROOT; };
		AE1A220E19C678A8009D5019 /* CoreGraphics.framework */ = {isa = PBXFileReference; lastKnownFileType = wrapper.framework; name = CoreGraphics.framework; path = System/Library/Frameworks/CoreGraphics.framework; sourceTree = SDKROOT; };
		AE1A221019C678AC009D5019 /* QuartzCore.framework */ = {isa = PBXFileReference; lastKnownFileType = wrapper.framework; name = QuartzCore.framework; path = System/Library/Frameworks/QuartzCore.framework; sourceTree = SDKROOT; };
		AE1A221219C67EC1009D5019 /* libz.dylib */ = {isa = PBXFileReference; lastKnownFileType = "compiled.mach-o.dylib"; name = libz.dylib; path = usr/lib/libz.dylib; sourceTree = SDKROOT; };
		AE1A221419C67ECD009D5019 /* CFNetwork.framework */ = {isa = PBXFileReference; lastKnownFileType = wrapper.framework; name = CFNetwork.framework; path = System/Library/Frameworks/CFNetwork.framework; sourceTree = SDKROOT; };
		AE1A221619C67EE2009D5019 /* CoreLocation.framework */ = {isa = PBXFileReference; lastKnownFileType = wrapper.framework; name = CoreLocation.framework; path = System/Library/Frameworks/CoreLocation.framework; sourceTree = SDKROOT; };
		AE1A221819C67EEF009D5019 /* MobileCoreServices.framework */ = {isa = PBXFileReference; lastKnownFileType = wrapper.framework; name = MobileCoreServices.framework; path = System/Library/Frameworks/MobileCoreServices.framework; sourceTree = SDKROOT; };
		AE1A221A19C67EF7009D5019 /* Security.framework */ = {isa = PBXFileReference; lastKnownFileType = wrapper.framework; name = Security.framework; path = System/Library/Frameworks/Security.framework; sourceTree = SDKROOT; };
		AE1A221C19C67F0A009D5019 /* SystemConfiguration.framework */ = {isa = PBXFileReference; lastKnownFileType = wrapper.framework; name = SystemConfiguration.framework; path = System/Library/Frameworks/SystemConfiguration.framework; sourceTree = SDKROOT; };
		AE1A50A91AD796E3003F8485 /* panther.jpg */ = {isa = PBXFileReference; lastKnownFileType = image.jpeg; path = panther.jpg; sourceTree = "<group>"; };
		AE1B0FAE19DBD3E30061FD4D /* nphs1.jpeg */ = {isa = PBXFileReference; lastKnownFileType = image.jpeg; path = nphs1.jpeg; sourceTree = "<group>"; };
		AE1B0FB019DBD3E80061FD4D /* nphs2.jpg */ = {isa = PBXFileReference; lastKnownFileType = image.jpeg; path = nphs2.jpg; sourceTree = "<group>"; };
		AE2107621AD4714400CBC8C0 /* UIButton+IndexPath.h */ = {isa = PBXFileReference; fileEncoding = 4; lastKnownFileType = sourcecode.c.h; path = "UIButton+IndexPath.h"; sourceTree = "<group>"; };
		AE2107631AD4714400CBC8C0 /* UIButton+IndexPath.m */ = {isa = PBXFileReference; fileEncoding = 4; lastKnownFileType = sourcecode.c.objc; path = "UIButton+IndexPath.m"; sourceTree = "<group>"; };
		AE2107651AD4714400CBC8C0 /* SRFSurfboardPanelCell.h */ = {isa = PBXFileReference; fileEncoding = 4; lastKnownFileType = sourcecode.c.h; path = SRFSurfboardPanelCell.h; sourceTree = "<group>"; };
		AE2107661AD4714400CBC8C0 /* SRFSurfboardPanelCell.m */ = {isa = PBXFileReference; fileEncoding = 4; lastKnownFileType = sourcecode.c.objc; path = SRFSurfboardPanelCell.m; sourceTree = "<group>"; };
		AE2107671AD4714400CBC8C0 /* SRFSurfboardPanelCell.xib */ = {isa = PBXFileReference; fileEncoding = 4; lastKnownFileType = file.xib; path = SRFSurfboardPanelCell.xib; sourceTree = "<group>"; };
		AE2107691AD4714400CBC8C0 /* SRFSurfboardPanel.h */ = {isa = PBXFileReference; fileEncoding = 4; lastKnownFileType = sourcecode.c.h; path = SRFSurfboardPanel.h; sourceTree = "<group>"; };
		AE21076A1AD4714400CBC8C0 /* SRFSurfboardPanel.m */ = {isa = PBXFileReference; fileEncoding = 4; lastKnownFileType = sourcecode.c.objc; path = SRFSurfboardPanel.m; sourceTree = "<group>"; };
		AE21076B1AD4714400CBC8C0 /* SRFSurfboard.h */ = {isa = PBXFileReference; fileEncoding = 4; lastKnownFileType = sourcecode.c.h; path = SRFSurfboard.h; sourceTree = "<group>"; };
		AE21076D1AD4714400CBC8C0 /* SRFSurfboardDelegate.h */ = {isa = PBXFileReference; fileEncoding = 4; lastKnownFileType = sourcecode.c.h; path = SRFSurfboardDelegate.h; sourceTree = "<group>"; };
		AE21076F1AD4714400CBC8C0 /* SRFSurfboardViewController.h */ = {isa = PBXFileReference; fileEncoding = 4; lastKnownFileType = sourcecode.c.h; path = SRFSurfboardViewController.h; sourceTree = "<group>"; };
		AE2107701AD4714400CBC8C0 /* SRFSurfboardViewController.m */ = {isa = PBXFileReference; fileEncoding = 4; lastKnownFileType = sourcecode.c.objc; path = SRFSurfboardViewController.m; sourceTree = "<group>"; };
		AE2107761AD471FB00CBC8C0 /* panels.json */ = {isa = PBXFileReference; fileEncoding = 4; lastKnownFileType = text.json; path = panels.json; sourceTree = "<group>"; };
		AE21077A1AD52C7600CBC8C0 /* beep1.png */ = {isa = PBXFileReference; lastKnownFileType = image.png; path = beep1.png; sourceTree = "<group>"; };
		AE21077C1AD52E2800CBC8C0 /* hacking.png */ = {isa = PBXFileReference; lastKnownFileType = image.png; path = hacking.png; sourceTree = "<group>"; };
		AE23DAC31AD22B5500289201 /* BeepSpotlightVC.h */ = {isa = PBXFileReference; fileEncoding = 4; lastKnownFileType = sourcecode.c.h; path = BeepSpotlightVC.h; sourceTree = "<group>"; };
		AE23DAC41AD22B5500289201 /* BeepSpotlightVC.m */ = {isa = PBXFileReference; fileEncoding = 4; lastKnownFileType = sourcecode.c.objc; path = BeepSpotlightVC.m; sourceTree = "<group>"; };
		AE315F0F19EBA6160021D539 /* CreditsTableViewController.h */ = {isa = PBXFileReference; fileEncoding = 4; lastKnownFileType = sourcecode.c.h; path = CreditsTableViewController.h; sourceTree = "<group>"; };
		AE315F1019EBA6160021D539 /* CreditsTableViewController.m */ = {isa = PBXFileReference; fileEncoding = 4; lastKnownFileType = sourcecode.c.objc; path = CreditsTableViewController.m; sourceTree = "<group>"; };
		AE346A921ABFBE82006B5A85 /* NPAppIcon3.png */ = {isa = PBXFileReference; lastKnownFileType = image.png; path = NPAppIcon3.png; sourceTree = "<group>"; };
		AE3B5AE419D7AA59002207E1 /* DraggableView.h */ = {isa = PBXFileReference; fileEncoding = 4; lastKnownFileType = sourcecode.c.h; path = DraggableView.h; sourceTree = "<group>"; };
		AE3B5AE519D7AA59002207E1 /* DraggableView.m */ = {isa = PBXFileReference; fileEncoding = 4; lastKnownFileType = sourcecode.c.objc; path = DraggableView.m; sourceTree = "<group>"; };
		AE3B5AE619D7AA59002207E1 /* DraggableViewBackground.h */ = {isa = PBXFileReference; fileEncoding = 4; lastKnownFileType = sourcecode.c.h; path = DraggableViewBackground.h; sourceTree = "<group>"; };
		AE3B5AE719D7AA59002207E1 /* DraggableViewBackground.m */ = {isa = PBXFileReference; fileEncoding = 4; lastKnownFileType = sourcecode.c.objc; path = DraggableViewBackground.m; sourceTree = "<group>"; };
		AE3B5AE819D7AA59002207E1 /* OverlayView.h */ = {isa = PBXFileReference; fileEncoding = 4; lastKnownFileType = sourcecode.c.h; path = OverlayView.h; sourceTree = "<group>"; };
		AE3B5AE919D7AA59002207E1 /* OverlayView.m */ = {isa = PBXFileReference; fileEncoding = 4; lastKnownFileType = sourcecode.c.objc; path = OverlayView.m; sourceTree = "<group>"; };
		AE3B5AEE19D7BCF8002207E1 /* NotificationViewController.h */ = {isa = PBXFileReference; fileEncoding = 4; lastKnownFileType = sourcecode.c.h; path = NotificationViewController.h; sourceTree = "<group>"; };
		AE3B5AEF19D7BCF8002207E1 /* NotificationViewController.m */ = {isa = PBXFileReference; fileEncoding = 4; lastKnownFileType = sourcecode.c.objc; path = NotificationViewController.m; sourceTree = "<group>"; };
		AE3B5AF119D80988002207E1 /* LoginViewController.h */ = {isa = PBXFileReference; fileEncoding = 4; lastKnownFileType = sourcecode.c.h; path = LoginViewController.h; sourceTree = "<group>"; };
		AE3B5AF219D80988002207E1 /* LoginViewController.m */ = {isa = PBXFileReference; fileEncoding = 4; lastKnownFileType = sourcecode.c.objc; path = LoginViewController.m; sourceTree = "<group>"; };
		AE44B71219DFB34E003776AC /* RKDropdownAlert.h */ = {isa = PBXFileReference; fileEncoding = 4; lastKnownFileType = sourcecode.c.h; path = RKDropdownAlert.h; sourceTree = "<group>"; };
		AE44B71319DFB34E003776AC /* RKDropdownAlert.m */ = {isa = PBXFileReference; fileEncoding = 4; lastKnownFileType = sourcecode.c.objc; path = RKDropdownAlert.m; sourceTree = "<group>"; };
		AE451EBF1A319A5E00399E1C /* CreditsCell.h */ = {isa = PBXFileReference; fileEncoding = 4; lastKnownFileType = sourcecode.c.h; path = CreditsCell.h; sourceTree = "<group>"; };
		AE451EC01A319A5E00399E1C /* CreditsCell.m */ = {isa = PBXFileReference; fileEncoding = 4; lastKnownFileType = sourcecode.c.objc; path = CreditsCell.m; sourceTree = "<group>"; };
		AE50417B1AB65CDA00E70DF4 /* BeepViewController.h */ = {isa = PBXFileReference; fileEncoding = 4; lastKnownFileType = sourcecode.c.h; path = BeepViewController.h; sourceTree = "<group>"; };
		AE50417C1AB65CDA00E70DF4 /* BeepViewController.m */ = {isa = PBXFileReference; fileEncoding = 4; lastKnownFileType = sourcecode.c.objc; path = BeepViewController.m; sourceTree = "<group>"; };
		AE5BA65F1A88022100CEB715 /* Bolts.framework */ = {isa = PBXFileReference; lastKnownFileType = wrapper.framework; path = Bolts.framework; sourceTree = "<group>"; };
		AE5BA6631A88027D00CEB715 /* ParseUI.framework */ = {isa = PBXFileReference; lastKnownFileType = wrapper.framework; path = ParseUI.framework; sourceTree = "<group>"; };
		AE5BA6651A8802FF00CEB715 /* libsqlite3.0.dylib */ = {isa = PBXFileReference; lastKnownFileType = "compiled.mach-o.dylib"; name = libsqlite3.0.dylib; path = usr/lib/libsqlite3.0.dylib; sourceTree = SDKROOT; };
		AE5BA6681A8805A400CEB715 /* ParseCrashReporting.framework */ = {isa = PBXFileReference; lastKnownFileType = wrapper.framework; path = ParseCrashReporting.framework; sourceTree = "<group>"; };
		AE5BA66A1A8805E900CEB715 /* libstdc++.6.0.9.dylib */ = {isa = PBXFileReference; lastKnownFileType = "compiled.mach-o.dylib"; name = "libstdc++.6.0.9.dylib"; path = "usr/lib/libstdc++.6.0.9.dylib"; sourceTree = SDKROOT; };
		AE5C07D81AC9288F00B73832 /* note-write-7.png */ = {isa = PBXFileReference; lastKnownFileType = image.png; path = "note-write-7.png"; sourceTree = "<group>"; };
		AE63B46F1ACCF63300CA2967 /* icon1.png */ = {isa = PBXFileReference; lastKnownFileType = image.png; path = icon1.png; sourceTree = "<group>"; };
		AE63B4711ACD0F1500CA2967 /* rsz_appicon.png */ = {isa = PBXFileReference; lastKnownFileType = image.png; path = rsz_appicon.png; sourceTree = "<group>"; };
		AE66B9E11A947ABA00EADEB4 /* Parse.framework */ = {isa = PBXFileReference; lastKnownFileType = wrapper.framework; path = Parse.framework; sourceTree = "<group>"; };
		AE6919DA19EA34C700CC7FE2 /* UIKit.framework */ = {isa = PBXFileReference; lastKnownFileType = wrapper.framework; name = UIKit.framework; path = System/Library/Frameworks/UIKit.framework; sourceTree = SDKROOT; };
		AE6919DC19EA350000CC7FE2 /* Foundation.framework */ = {isa = PBXFileReference; lastKnownFileType = wrapper.framework; name = Foundation.framework; path = System/Library/Frameworks/Foundation.framework; sourceTree = SDKROOT; };
		AE6919DF19EA78C300CC7FE2 /* SubscriptionsTableViewController.h */ = {isa = PBXFileReference; fileEncoding = 4; lastKnownFileType = sourcecode.c.h; path = SubscriptionsTableViewController.h; sourceTree = "<group>"; };
		AE6919E019EA78C300CC7FE2 /* SubscriptionsTableViewController.m */ = {isa = PBXFileReference; fileEncoding = 4; lastKnownFileType = sourcecode.c.objc; path = SubscriptionsTableViewController.m; sourceTree = "<group>"; };
		AE7E08321AC254410063DB63 /* new@3x.png */ = {isa = PBXFileReference; lastKnownFileType = image.png; path = "new@3x.png"; sourceTree = "<group>"; };
		AE7E08341AC257AD0063DB63 /* BeepSendVC.h */ = {isa = PBXFileReference; fileEncoding = 4; lastKnownFileType = sourcecode.c.h; path = BeepSendVC.h; sourceTree = "<group>"; };
		AE7E08351AC257AD0063DB63 /* BeepSendVC.m */ = {isa = PBXFileReference; fileEncoding = 4; lastKnownFileType = sourcecode.c.objc; path = BeepSendVC.m; sourceTree = "<group>"; };
		AE818EB81A2041FF0054631E /* SplashViewController.m */ = {isa = PBXFileReference; fileEncoding = 4; lastKnownFileType = sourcecode.c.objc; path = SplashViewController.m; sourceTree = "<group>"; };
		AE818EC31A20444C0054631E /* FBShimmering-Prefix.pch */ = {isa = PBXFileReference; fileEncoding = 4; lastKnownFileType = sourcecode.c.h; path = "FBShimmering-Prefix.pch"; sourceTree = "<group>"; };
		AE818EC41A20444C0054631E /* FBShimmering.h */ = {isa = PBXFileReference; fileEncoding = 4; lastKnownFileType = sourcecode.c.h; path = FBShimmering.h; sourceTree = "<group>"; };
		AE818EC51A20444C0054631E /* FBShimmeringLayer.h */ = {isa = PBXFileReference; fileEncoding = 4; lastKnownFileType = sourcecode.c.h; path = FBShimmeringLayer.h; sourceTree = "<group>"; };
		AE818EC61A20444C0054631E /* FBShimmeringLayer.m */ = {isa = PBXFileReference; fileEncoding = 4; lastKnownFileType = sourcecode.c.objc; path = FBShimmeringLayer.m; sourceTree = "<group>"; };
		AE818EC71A20444C0054631E /* FBShimmeringView.h */ = {isa = PBXFileReference; fileEncoding = 4; lastKnownFileType = sourcecode.c.h; path = FBShimmeringView.h; sourceTree = "<group>"; };
		AE818EC81A20444C0054631E /* FBShimmeringView.m */ = {isa = PBXFileReference; fileEncoding = 4; lastKnownFileType = sourcecode.c.objc; path = FBShimmeringView.m; sourceTree = "<group>"; };
		AE818ECB1A204E890054631E /* AROMA-Light.ttf */ = {isa = PBXFileReference; lastKnownFileType = file; path = "AROMA-Light.ttf"; sourceTree = "<group>"; };
		AE818ECE1A2051EA0054631E /* Dekar Light.otf */ = {isa = PBXFileReference; lastKnownFileType = file; path = "Dekar Light.otf"; sourceTree = "<group>"; };
		AE83E0B71A469EB40040D422 /* nphs3.JPG */ = {isa = PBXFileReference; lastKnownFileType = image.jpeg; path = nphs3.JPG; sourceTree = "<group>"; };
		AE9221391A5FDED1003687A2 /* DetailTableViewController.h */ = {isa = PBXFileReference; fileEncoding = 4; lastKnownFileType = sourcecode.c.h; path = DetailTableViewController.h; sourceTree = "<group>"; };
		AE92213A1A5FDED1003687A2 /* DetailTableViewController.m */ = {isa = PBXFileReference; fileEncoding = 4; lastKnownFileType = sourcecode.c.objc; path = DetailTableViewController.m; sourceTree = "<group>"; };
		AE92213B1A5FDED1003687A2 /* GTMNSString+HTML.h */ = {isa = PBXFileReference; fileEncoding = 4; lastKnownFileType = sourcecode.c.h; path = "GTMNSString+HTML.h"; sourceTree = "<group>"; };
		AE92213C1A5FDED1003687A2 /* GTMNSString+HTML.m */ = {isa = PBXFileReference; fileEncoding = 4; lastKnownFileType = sourcecode.c.objc; path = "GTMNSString+HTML.m"; sourceTree = "<group>"; };
		AE92213D1A5FDED1003687A2 /* MWFeedInfo.h */ = {isa = PBXFileReference; fileEncoding = 4; lastKnownFileType = sourcecode.c.h; path = MWFeedInfo.h; sourceTree = "<group>"; };
		AE92213E1A5FDED1003687A2 /* MWFeedInfo.m */ = {isa = PBXFileReference; fileEncoding = 4; lastKnownFileType = sourcecode.c.objc; path = MWFeedInfo.m; sourceTree = "<group>"; };
		AE92213F1A5FDED1003687A2 /* MWFeedItem.h */ = {isa = PBXFileReference; fileEncoding = 4; lastKnownFileType = sourcecode.c.h; path = MWFeedItem.h; sourceTree = "<group>"; };
		AE9221401A5FDED1003687A2 /* MWFeedItem.m */ = {isa = PBXFileReference; fileEncoding = 4; lastKnownFileType = sourcecode.c.objc; path = MWFeedItem.m; sourceTree = "<group>"; };
		AE9221411A5FDED1003687A2 /* MWFeedParser_Private.h */ = {isa = PBXFileReference; fileEncoding = 4; lastKnownFileType = sourcecode.c.h; path = MWFeedParser_Private.h; sourceTree = "<group>"; };
		AE9221421A5FDED1003687A2 /* MWFeedParser.h */ = {isa = PBXFileReference; fileEncoding = 4; lastKnownFileType = sourcecode.c.h; path = MWFeedParser.h; sourceTree = "<group>"; };
		AE9221431A5FDED1003687A2 /* MWFeedParser.m */ = {isa = PBXFileReference; fileEncoding = 4; lastKnownFileType = sourcecode.c.objc; path = MWFeedParser.m; sourceTree = "<group>"; };
		AE9221441A5FDED1003687A2 /* MWFeedParserAppDelegate.h */ = {isa = PBXFileReference; fileEncoding = 4; lastKnownFileType = sourcecode.c.h; path = MWFeedParserAppDelegate.h; sourceTree = "<group>"; };
		AE9221451A5FDED1003687A2 /* MWFeedParserAppDelegate.m */ = {isa = PBXFileReference; fileEncoding = 4; lastKnownFileType = sourcecode.c.objc; path = MWFeedParserAppDelegate.m; sourceTree = "<group>"; };
		AE9221461A5FDED1003687A2 /* NSDate+InternetDateTime.h */ = {isa = PBXFileReference; fileEncoding = 4; lastKnownFileType = sourcecode.c.h; path = "NSDate+InternetDateTime.h"; sourceTree = "<group>"; };
		AE9221471A5FDED1003687A2 /* NSDate+InternetDateTime.m */ = {isa = PBXFileReference; fileEncoding = 4; lastKnownFileType = sourcecode.c.objc; path = "NSDate+InternetDateTime.m"; sourceTree = "<group>"; };
		AE9221481A5FDED1003687A2 /* NSString+HTML.h */ = {isa = PBXFileReference; fileEncoding = 4; lastKnownFileType = sourcecode.c.h; path = "NSString+HTML.h"; sourceTree = "<group>"; };
		AE9221491A5FDED1003687A2 /* NSString+HTML.m */ = {isa = PBXFileReference; fileEncoding = 4; lastKnownFileType = sourcecode.c.objc; path = "NSString+HTML.m"; sourceTree = "<group>"; };
		AE92214A1A5FDED1003687A2 /* NSString+XMLEntities.h */ = {isa = PBXFileReference; fileEncoding = 4; lastKnownFileType = sourcecode.c.h; path = "NSString+XMLEntities.h"; sourceTree = "<group>"; };
		AE92214B1A5FDED1003687A2 /* NSString+XMLEntities.m */ = {isa = PBXFileReference; fileEncoding = 4; lastKnownFileType = sourcecode.c.objc; path = "NSString+XMLEntities.m"; sourceTree = "<group>"; };
		AE92214C1A5FDED1003687A2 /* RootViewController.h */ = {isa = PBXFileReference; fileEncoding = 4; lastKnownFileType = sourcecode.c.h; path = RootViewController.h; sourceTree = "<group>"; };
		AE92214D1A5FDED1003687A2 /* RootViewController.m */ = {isa = PBXFileReference; fileEncoding = 4; lastKnownFileType = sourcecode.c.objc; path = RootViewController.m; sourceTree = "<group>"; };
		AEA625E419DE9F4A00200AA6 /* notification.jpg */ = {isa = PBXFileReference; lastKnownFileType = image.jpeg; path = notification.jpg; sourceTree = "<group>"; };
		AEAB2C551AB3F6120084D592 /* BeepHelpViewController.h */ = {isa = PBXFileReference; fileEncoding = 4; lastKnownFileType = sourcecode.c.h; path = BeepHelpViewController.h; sourceTree = "<group>"; };
		AEAB2C561AB3F6120084D592 /* BeepHelpViewController.m */ = {isa = PBXFileReference; fileEncoding = 4; lastKnownFileType = sourcecode.c.objc; path = BeepHelpViewController.m; sourceTree = "<group>"; };
		AEB23F071AAE5B5900CC878A /* BeepCell.h */ = {isa = PBXFileReference; fileEncoding = 4; lastKnownFileType = sourcecode.c.h; path = BeepCell.h; sourceTree = "<group>"; };
		AEB23F081AAE5B5900CC878A /* BeepCell.m */ = {isa = PBXFileReference; fileEncoding = 4; lastKnownFileType = sourcecode.c.objc; path = BeepCell.m; sourceTree = "<group>"; };
		AED7D9501A20251400016D3D /* SplashViewController.h */ = {isa = PBXFileReference; fileEncoding = 4; lastKnownFileType = sourcecode.c.h; name = SplashViewController.h; path = ../SplashViewController.h; sourceTree = "<group>"; };
		AED7D9521A20251400016D3D /* SplashViewController.xib */ = {isa = PBXFileReference; fileEncoding = 4; lastKnownFileType = file.xib; name = SplashViewController.xib; path = ../SplashViewController.xib; sourceTree = "<group>"; };
		AEE176A31AB58193008CCC35 /* info.png */ = {isa = PBXFileReference; lastKnownFileType = image.png; path = info.png; sourceTree = "<group>"; };
		AEEF733A1A535A2F00B79DFE /* feedIcon.png */ = {isa = PBXFileReference; lastKnownFileType = image.png; path = feedIcon.png; sourceTree = "<group>"; };
		AEEF733C1A535B6100B79DFE /* rss-7.png */ = {isa = PBXFileReference; lastKnownFileType = image.png; path = "rss-7.png"; sourceTree = "<group>"; };
/* End PBXFileReference section */

/* Begin PBXFrameworksBuildPhase section */
		AE1A21D819C66EEF009D5019 /* Frameworks */ = {
			isa = PBXFrameworksBuildPhase;
			buildActionMask = 2147483647;
			files = (
				AE5BA66B1A8805E900CEB715 /* libstdc++.6.0.9.dylib in Frameworks */,
				AE5BA6661A8802FF00CEB715 /* libsqlite3.0.dylib in Frameworks */,
				AE6919DE19EA350D00CC7FE2 /* UIKit.framework in Frameworks */,
				AE6919DD19EA350000CC7FE2 /* Foundation.framework in Frameworks */,
				AE5BA6691A8805A400CEB715 /* ParseCrashReporting.framework in Frameworks */,
				AE1A221D19C67F0A009D5019 /* SystemConfiguration.framework in Frameworks */,
				AE1A220D19C6789F009D5019 /* StoreKit.framework in Frameworks */,
				AE1A221B19C67EF7009D5019 /* Security.framework in Frameworks */,
				AE1A221919C67EEF009D5019 /* MobileCoreServices.framework in Frameworks */,
				AE1A221719C67EE2009D5019 /* CoreLocation.framework in Frameworks */,
				AE66B9E21A947ABA00EADEB4 /* Parse.framework in Frameworks */,
				AE5BA6611A88022100CEB715 /* Bolts.framework in Frameworks */,
				AE1A220F19C678A8009D5019 /* CoreGraphics.framework in Frameworks */,
				AE1A221519C67ECD009D5019 /* CFNetwork.framework in Frameworks */,
				AE1A221319C67EC1009D5019 /* libz.dylib in Frameworks */,
				AE5BA6641A88027D00CEB715 /* ParseUI.framework in Frameworks */,
				AE1A221119C678AC009D5019 /* QuartzCore.framework in Frameworks */,
				AE1A220B19C67897009D5019 /* AudioToolbox.framework in Frameworks */,
			);
			runOnlyForDeploymentPostprocessing = 0;
		};
/* End PBXFrameworksBuildPhase section */

/* Begin PBXGroup section */
		AE1A21D219C66EEF009D5019 = {
			isa = PBXGroup;
			children = (
				AE1A21DD19C66EEF009D5019 /* NPHSApp */,
				AE1A21F719C66EF0009D5019 /* NPHSAppTests */,
				AE1A21DC19C66EEF009D5019 /* Products */,
			);
			sourceTree = "<group>";
		};
		AE1A21DC19C66EEF009D5019 /* Products */ = {
			isa = PBXGroup;
			children = (
				AE1A21DB19C66EEF009D5019 /* NPHSApp.app */,
			);
			name = Products;
			sourceTree = "<group>";
		};
		AE1A21DD19C66EEF009D5019 /* NPHSApp */ = {
			isa = PBXGroup;
			children = (
				AE63B46F1ACCF63300CA2967 /* icon1.png */,
				AE5C07D81AC9288F00B73832 /* note-write-7.png */,
				AE7E08321AC254410063DB63 /* new@3x.png */,
				AE346A921ABFBE82006B5A85 /* NPAppIcon3.png */,
				AE0CEE601A54E01B00C32CB1 /* office_chair@3x.png */,
				AE63B4711ACD0F1500CA2967 /* rsz_appicon.png */,
				AE01B43E1A54BB8E006BFB38 /* icon.JPG */,
				AEEF733C1A535B6100B79DFE /* rss-7.png */,
				AEEF733A1A535A2F00B79DFE /* feedIcon.png */,
				AE83E0B71A469EB40040D422 /* nphs3.JPG */,
				AE818ECE1A2051EA0054631E /* Dekar Light.otf */,
				AE818ECB1A204E890054631E /* AROMA-Light.ttf */,
				AEA625E419DE9F4A00200AA6 /* notification.jpg */,
				AE1B0FAE19DBD3E30061FD4D /* nphs1.jpeg */,
				AE1B0FB019DBD3E80061FD4D /* nphs2.jpg */,
				AE0CEE641A54E28A00C32CB1 /* top_charts@3x.png */,
				AE0CEE621A54E1F000C32CB1 /* users_three_2@3x.png */,
				AE0CEE661A54E35D00C32CB1 /* arrows_in@3x.png */,
				AEE176A31AB58193008CCC35 /* info.png */,
				AE21077A1AD52C7600CBC8C0 /* beep1.png */,
				AE2107761AD471FB00CBC8C0 /* panels.json */,
				AE1A50A91AD796E3003F8485 /* panther.jpg */,
				AE21077C1AD52E2800CBC8C0 /* hacking.png */,
				AE21075F1AD4714400CBC8C0 /* Surfboard */,
				AE3B5AED19D7AA71002207E1 /* Cards */,
				AE9221591A5FDF1E003687A2 /* Parser */,
				AE1A21E219C66EEF009D5019 /* AppDelegate.h */,
				AE1A21E319C66EEF009D5019 /* AppDelegate.m */,
				AE1A21E519C66EEF009D5019 /* ViewController.h */,
				AE1A21E619C66EEF009D5019 /* ViewController.m */,
				AE3B5AF119D80988002207E1 /* LoginViewController.h */,
				AE3B5AF219D80988002207E1 /* LoginViewController.m */,
				AE068F971A22C7E60007634E /* FeedCell.h */,
				AE068F981A22C7E60007634E /* FeedCell.m */,
				AE068F941A22C0050007634E /* FeedController.h */,
				AE068F951A22C0050007634E /* FeedController.m */,
				AE92214C1A5FDED1003687A2 /* RootViewController.h */,
				AE92214D1A5FDED1003687A2 /* RootViewController.m */,
				AE1A21E819C66EEF009D5019 /* Main.storyboard */,
				AE7E08341AC257AD0063DB63 /* BeepSendVC.h */,
				AE7E08351AC257AD0063DB63 /* BeepSendVC.m */,
				AE23DAC31AD22B5500289201 /* BeepSpotlightVC.h */,
				AE23DAC41AD22B5500289201 /* BeepSpotlightVC.m */,
				AEAB2C551AB3F6120084D592 /* BeepHelpViewController.h */,
				AEAB2C561AB3F6120084D592 /* BeepHelpViewController.m */,
				AEB23F071AAE5B5900CC878A /* BeepCell.h */,
				AEB23F081AAE5B5900CC878A /* BeepCell.m */,
				AE50417B1AB65CDA00E70DF4 /* BeepViewController.h */,
				AE50417C1AB65CDA00E70DF4 /* BeepViewController.m */,
				AE1A21ED19C66EEF009D5019 /* LaunchScreen.xib */,
				AE3B5AEE19D7BCF8002207E1 /* NotificationViewController.h */,
				AE3B5AEF19D7BCF8002207E1 /* NotificationViewController.m */,
				AE10A6D41A49501A008A6C44 /* SubscriptionsCell.h */,
				AE10A6D51A49501A008A6C44 /* SubscriptionsCell.m */,
				AE6919DF19EA78C300CC7FE2 /* SubscriptionsTableViewController.h */,
				AE6919E019EA78C300CC7FE2 /* SubscriptionsTableViewController.m */,
				AE451EBF1A319A5E00399E1C /* CreditsCell.h */,
				AE451EC01A319A5E00399E1C /* CreditsCell.m */,
				AE315F0F19EBA6160021D539 /* CreditsTableViewController.h */,
				AE315F1019EBA6160021D539 /* CreditsTableViewController.m */,
				AED7D9501A20251400016D3D /* SplashViewController.h */,
				AE818EB81A2041FF0054631E /* SplashViewController.m */,
				AED7D9521A20251400016D3D /* SplashViewController.xib */,
				AE818EC31A20444C0054631E /* FBShimmering-Prefix.pch */,
				AE818EC41A20444C0054631E /* FBShimmering.h */,
				AE818EC51A20444C0054631E /* FBShimmeringLayer.h */,
				AE818EC61A20444C0054631E /* FBShimmeringLayer.m */,
				AE818EC71A20444C0054631E /* FBShimmeringView.h */,
				AE818EC81A20444C0054631E /* FBShimmeringView.m */,
				AE0CEE5E1A54BE3000C32CB1 /* Images.xcassets */,
				AE1A21DE19C66EEF009D5019 /* Supporting Files */,
			);
			path = NPHSApp;
			sourceTree = "<group>";
		};
		AE1A21DE19C66EEF009D5019 /* Supporting Files */ = {
			isa = PBXGroup;
			children = (
				AE5BA66A1A8805E900CEB715 /* libstdc++.6.0.9.dylib */,
				AE5BA6651A8802FF00CEB715 /* libsqlite3.0.dylib */,
				AE5BA6681A8805A400CEB715 /* ParseCrashReporting.framework */,
				AE6919DC19EA350000CC7FE2 /* Foundation.framework */,
				AE6919DA19EA34C700CC7FE2 /* UIKit.framework */,
				AE1A220619C6751A009D5019 /* ParseFacebookUtils.framework */,
				AE1A221C19C67F0A009D5019 /* SystemConfiguration.framework */,
				AE66B9E11A947ABA00EADEB4 /* Parse.framework */,
				AE1A221A19C67EF7009D5019 /* Security.framework */,
				AE1A221819C67EEF009D5019 /* MobileCoreServices.framework */,
				AE1A221619C67EE2009D5019 /* CoreLocation.framework */,
				AE1A221419C67ECD009D5019 /* CFNetwork.framework */,
				AE1A221219C67EC1009D5019 /* libz.dylib */,
				AE5BA6631A88027D00CEB715 /* ParseUI.framework */,
				AE5BA65F1A88022100CEB715 /* Bolts.framework */,
				AE1A221019C678AC009D5019 /* QuartzCore.framework */,
				AE1A220E19C678A8009D5019 /* CoreGraphics.framework */,
				AE1A220C19C6789F009D5019 /* StoreKit.framework */,
				AE1A220A19C67897009D5019 /* AudioToolbox.framework */,
				AE1A21DF19C66EEF009D5019 /* Info.plist */,
				AE1A21E019C66EEF009D5019 /* main.m */,
			);
			name = "Supporting Files";
			sourceTree = "<group>";
		};
		AE1A21F719C66EF0009D5019 /* NPHSAppTests */ = {
			isa = PBXGroup;
			children = (
				AE1A21FA19C66EF0009D5019 /* NPHSAppTests.m */,
				AE1A21F819C66EF0009D5019 /* Supporting Files */,
			);
			path = NPHSAppTests;
			sourceTree = "<group>";
		};
		AE1A21F819C66EF0009D5019 /* Supporting Files */ = {
			isa = PBXGroup;
			children = (
				AE1A21F919C66EF0009D5019 /* Info.plist */,
			);
			name = "Supporting Files";
			sourceTree = "<group>";
		};
		AE21075F1AD4714400CBC8C0 /* Surfboard */ = {
			isa = PBXGroup;
			children = (
				AE2107601AD4714400CBC8C0 /* Panel Cells */,
				AE2107681AD4714400CBC8C0 /* Panel Data Model */,
				AE21076B1AD4714400CBC8C0 /* SRFSurfboard.h */,
				AE21076C1AD4714400CBC8C0 /* Surfboard Delegate Protocol */,
				AE21076E1AD4714400CBC8C0 /* Surfboard View Controller */,
			);
			path = Surfboard;
			sourceTree = "<group>";
		};
		AE2107601AD4714400CBC8C0 /* Panel Cells */ = {
			isa = PBXGroup;
			children = (
				AE2107611AD4714400CBC8C0 /* Button Extension */,
				AE2107641AD4714400CBC8C0 /* Default Cell */,
			);
			path = "Panel Cells";
			sourceTree = "<group>";
		};
		AE2107611AD4714400CBC8C0 /* Button Extension */ = {
			isa = PBXGroup;
			children = (
				AE2107621AD4714400CBC8C0 /* UIButton+IndexPath.h */,
				AE2107631AD4714400CBC8C0 /* UIButton+IndexPath.m */,
			);
			path = "Button Extension";
			sourceTree = "<group>";
		};
		AE2107641AD4714400CBC8C0 /* Default Cell */ = {
			isa = PBXGroup;
			children = (
				AE2107651AD4714400CBC8C0 /* SRFSurfboardPanelCell.h */,
				AE2107661AD4714400CBC8C0 /* SRFSurfboardPanelCell.m */,
				AE2107671AD4714400CBC8C0 /* SRFSurfboardPanelCell.xib */,
			);
			path = "Default Cell";
			sourceTree = "<group>";
		};
		AE2107681AD4714400CBC8C0 /* Panel Data Model */ = {
			isa = PBXGroup;
			children = (
				AE2107691AD4714400CBC8C0 /* SRFSurfboardPanel.h */,
				AE21076A1AD4714400CBC8C0 /* SRFSurfboardPanel.m */,
			);
			path = "Panel Data Model";
			sourceTree = "<group>";
		};
		AE21076C1AD4714400CBC8C0 /* Surfboard Delegate Protocol */ = {
			isa = PBXGroup;
			children = (
				AE21076D1AD4714400CBC8C0 /* SRFSurfboardDelegate.h */,
			);
			path = "Surfboard Delegate Protocol";
			sourceTree = "<group>";
		};
		AE21076E1AD4714400CBC8C0 /* Surfboard View Controller */ = {
			isa = PBXGroup;
			children = (
				AE21076F1AD4714400CBC8C0 /* SRFSurfboardViewController.h */,
				AE2107701AD4714400CBC8C0 /* SRFSurfboardViewController.m */,
			);
			path = "Surfboard View Controller";
			sourceTree = "<group>";
		};
		AE3B5AED19D7AA71002207E1 /* Cards */ = {
			isa = PBXGroup;
			children = (
				AE44B71219DFB34E003776AC /* RKDropdownAlert.h */,
				AE44B71319DFB34E003776AC /* RKDropdownAlert.m */,
				AE3B5AE419D7AA59002207E1 /* DraggableView.h */,
				AE3B5AE519D7AA59002207E1 /* DraggableView.m */,
				AE3B5AE619D7AA59002207E1 /* DraggableViewBackground.h */,
				AE3B5AE719D7AA59002207E1 /* DraggableViewBackground.m */,
				AE3B5AE819D7AA59002207E1 /* OverlayView.h */,
				AE3B5AE919D7AA59002207E1 /* OverlayView.m */,
			);
			name = Cards;
			sourceTree = "<group>";
		};
		AE9221591A5FDF1E003687A2 /* Parser */ = {
			isa = PBXGroup;
			children = (
				AE9221391A5FDED1003687A2 /* DetailTableViewController.h */,
				AE92213A1A5FDED1003687A2 /* DetailTableViewController.m */,
				AE92213B1A5FDED1003687A2 /* GTMNSString+HTML.h */,
				AE92213C1A5FDED1003687A2 /* GTMNSString+HTML.m */,
				AE92213D1A5FDED1003687A2 /* MWFeedInfo.h */,
				AE92213E1A5FDED1003687A2 /* MWFeedInfo.m */,
				AE92213F1A5FDED1003687A2 /* MWFeedItem.h */,
				AE9221401A5FDED1003687A2 /* MWFeedItem.m */,
				AE9221411A5FDED1003687A2 /* MWFeedParser_Private.h */,
				AE9221421A5FDED1003687A2 /* MWFeedParser.h */,
				AE9221431A5FDED1003687A2 /* MWFeedParser.m */,
				AE9221441A5FDED1003687A2 /* MWFeedParserAppDelegate.h */,
				AE9221451A5FDED1003687A2 /* MWFeedParserAppDelegate.m */,
				AE9221461A5FDED1003687A2 /* NSDate+InternetDateTime.h */,
				AE9221471A5FDED1003687A2 /* NSDate+InternetDateTime.m */,
				AE9221481A5FDED1003687A2 /* NSString+HTML.h */,
				AE9221491A5FDED1003687A2 /* NSString+HTML.m */,
				AE92214A1A5FDED1003687A2 /* NSString+XMLEntities.h */,
				AE92214B1A5FDED1003687A2 /* NSString+XMLEntities.m */,
			);
			name = Parser;
			sourceTree = "<group>";
		};
/* End PBXGroup section */

/* Begin PBXNativeTarget section */
		AE1A21DA19C66EEF009D5019 /* NPHSApp */ = {
			isa = PBXNativeTarget;
			buildConfigurationList = AE1A21FE19C66EF0009D5019 /* Build configuration list for PBXNativeTarget "NPHSApp" */;
			buildPhases = (
				AE1A21D719C66EEF009D5019 /* Sources */,
				AE1A21D819C66EEF009D5019 /* Frameworks */,
				AE1A21D919C66EEF009D5019 /* Resources */,
			);
			buildRules = (
			);
			dependencies = (
			);
			name = NPHSApp;
			productName = NPHSApp;
			productReference = AE1A21DB19C66EEF009D5019 /* NPHSApp.app */;
			productType = "com.apple.product-type.application";
		};
/* End PBXNativeTarget section */

/* Begin PBXProject section */
		AE1A21D319C66EEF009D5019 /* Project object */ = {
			isa = PBXProject;
			attributes = {
				LastUpgradeCheck = 0600;
				ORGANIZATIONNAME = "Harsh Karia";
				TargetAttributes = {
					AE1A21DA19C66EEF009D5019 = {
						CreatedOnToolsVersion = 6.0;
						DevelopmentTeam = GC67WT8T7M;
					};
				};
			};
			buildConfigurationList = AE1A21D619C66EEF009D5019 /* Build configuration list for PBXProject "NPHSApp" */;
			compatibilityVersion = "Xcode 3.2";
			developmentRegion = English;
			hasScannedForEncodings = 0;
			knownRegions = (
				en,
				Base,
			);
			mainGroup = AE1A21D219C66EEF009D5019;
			productRefGroup = AE1A21DC19C66EEF009D5019 /* Products */;
			projectDirPath = "";
			projectRoot = "";
			targets = (
				AE1A21DA19C66EEF009D5019 /* NPHSApp */,
			);
		};
/* End PBXProject section */

/* Begin PBXResourcesBuildPhase section */
		AE1A21D919C66EEF009D5019 /* Resources */ = {
			isa = PBXResourcesBuildPhase;
			buildActionMask = 2147483647;
			files = (
				AEEF733D1A535B6100B79DFE /* rss-7.png in Resources */,
				AE818ECC1A204E890054631E /* AROMA-Light.ttf in Resources */,
				AE1B0FB119DBD3E80061FD4D /* nphs2.jpg in Resources */,
				AE63B4721ACD0F1500CA2967 /* rsz_appicon.png in Resources */,
				AE0CEE5F1A54BE3000C32CB1 /* Images.xcassets in Resources */,
				AE2107731AD4714400CBC8C0 /* SRFSurfboardPanelCell.xib in Resources */,
				AEEF733B1A535A2F00B79DFE /* feedIcon.png in Resources */,
				AE0CEE611A54E01B00C32CB1 /* office_chair@3x.png in Resources */,
				AE0CEE651A54E28A00C32CB1 /* top_charts@3x.png in Resources */,
				AE21077B1AD52C7600CBC8C0 /* beep1.png in Resources */,
				AE346A931ABFBE82006B5A85 /* NPAppIcon3.png in Resources */,
				AE63B4701ACCF63300CA2967 /* icon1.png in Resources */,
				AE1B0FAF19DBD3E30061FD4D /* nphs1.jpeg in Resources */,
				AE01B43F1A54BB8E006BFB38 /* icon.JPG in Resources */,
				AE7E08331AC254410063DB63 /* new@3x.png in Resources */,
				AE0CEE671A54E35D00C32CB1 /* arrows_in@3x.png in Resources */,
				AE83E0B81A469EB40040D422 /* nphs3.JPG in Resources */,
				AEE176A41AB58193008CCC35 /* info.png in Resources */,
				AED7D9541A20251400016D3D /* SplashViewController.xib in Resources */,
				AEFA46C61A88A72300AB634B /* Main.storyboard in Resources */,
				AE5C07D91AC9288F00B73832 /* note-write-7.png in Resources */,
				AE21077D1AD52E2800CBC8C0 /* hacking.png in Resources */,
				AEFA46C71A88A72600AB634B /* LaunchScreen.xib in Resources */,
				AEA625E519DE9F4A00200AA6 /* notification.jpg in Resources */,
				AE1A50AA1AD796E3003F8485 /* panther.jpg in Resources */,
				AE0CEE631A54E1F000C32CB1 /* users_three_2@3x.png in Resources */,
				AE2107781AD471FB00CBC8C0 /* panels.json in Resources */,
				AE818ECF1A2051EA0054631E /* Dekar Light.otf in Resources */,
			);
			runOnlyForDeploymentPostprocessing = 0;
		};
/* End PBXResourcesBuildPhase section */

/* Begin PBXSourcesBuildPhase section */
		AE1A21D719C66EEF009D5019 /* Sources */ = {
			isa = PBXSourcesBuildPhase;
			buildActionMask = 2147483647;
			files = (
				AE2849C61AC8DF20003E7C62 /* BeepSendVC.m in Sources */,
				AE3B5AF319D80988002207E1 /* LoginViewController.m in Sources */,
				AEAB2C571AB3F6120084D592 /* BeepHelpViewController.m in Sources */,
				AE10A6D61A49501A008A6C44 /* SubscriptionsCell.m in Sources */,
				AE9221501A5FDED1003687A2 /* MWFeedInfo.m in Sources */,
				AE3B5AF019D7BCF8002207E1 /* NotificationViewController.m in Sources */,
				AE818ECA1A20444C0054631E /* FBShimmeringView.m in Sources */,
				AE9221511A5FDED1003687A2 /* MWFeedItem.m in Sources */,
				AE50417D1AB65CDA00E70DF4 /* BeepViewController.m in Sources */,
				AE9221541A5FDED1003687A2 /* NSDate+InternetDateTime.m in Sources */,
				AE818EB91A2041FF0054631E /* SplashViewController.m in Sources */,
				AE315F1119EBA6160021D539 /* CreditsTableViewController.m in Sources */,
				AE9221551A5FDED1003687A2 /* NSString+HTML.m in Sources */,
				AE451EC11A319A5E00399E1C /* CreditsCell.m in Sources */,
				AE9221531A5FDED1003687A2 /* MWFeedParserAppDelegate.m in Sources */,
				AE2107711AD4714400CBC8C0 /* UIButton+IndexPath.m in Sources */,
				AE9221571A5FDED1003687A2 /* RootViewController.m in Sources */,
				AE9221561A5FDED1003687A2 /* NSString+XMLEntities.m in Sources */,
				AE92214E1A5FDED1003687A2 /* DetailTableViewController.m in Sources */,
				AE2107741AD4714400CBC8C0 /* SRFSurfboardPanel.m in Sources */,
				AE9221521A5FDED1003687A2 /* MWFeedParser.m in Sources */,
				AE6919E119EA78C300CC7FE2 /* SubscriptionsTableViewController.m in Sources */,
				AEB23F091AAE5B5900CC878A /* BeepCell.m in Sources */,
				AE1A21E719C66EEF009D5019 /* ViewController.m in Sources */,
				AE068F991A22C7E60007634E /* FeedCell.m in Sources */,
				AE3B5AEC19D7AA59002207E1 /* OverlayView.m in Sources */,
				AE2107721AD4714400CBC8C0 /* SRFSurfboardPanelCell.m in Sources */,
				AE23DAC51AD22B5500289201 /* BeepSpotlightVC.m in Sources */,
				AE068F961A22C0050007634E /* FeedController.m in Sources */,
				AE92214F1A5FDED1003687A2 /* GTMNSString+HTML.m in Sources */,
				AE1A21E419C66EEF009D5019 /* AppDelegate.m in Sources */,
				AE2107751AD4714400CBC8C0 /* SRFSurfboardViewController.m in Sources */,
				AE3B5AEA19D7AA59002207E1 /* DraggableView.m in Sources */,
				AE1A21E119C66EEF009D5019 /* main.m in Sources */,
				AE818EC91A20444C0054631E /* FBShimmeringLayer.m in Sources */,
				AE3B5AEB19D7AA59002207E1 /* DraggableViewBackground.m in Sources */,
				AE44B71419DFB34E003776AC /* RKDropdownAlert.m in Sources */,
			);
			runOnlyForDeploymentPostprocessing = 0;
		};
/* End PBXSourcesBuildPhase section */

/* Begin PBXVariantGroup section */
		AE1A21E819C66EEF009D5019 /* Main.storyboard */ = {
			isa = PBXVariantGroup;
			children = (
				AE1A21E919C66EEF009D5019 /* Base */,
			);
			name = Main.storyboard;
			sourceTree = "<group>";
		};
		AE1A21ED19C66EEF009D5019 /* LaunchScreen.xib */ = {
			isa = PBXVariantGroup;
			children = (
				AE1A21EE19C66EEF009D5019 /* Base */,
			);
			name = LaunchScreen.xib;
			sourceTree = "<group>";
		};
/* End PBXVariantGroup section */

/* Begin XCBuildConfiguration section */
		AE1A21FC19C66EF0009D5019 /* Debug */ = {
			isa = XCBuildConfiguration;
			buildSettings = {
				ALWAYS_SEARCH_USER_PATHS = NO;
				CLANG_CXX_LANGUAGE_STANDARD = "gnu++0x";
				CLANG_CXX_LIBRARY = "libc++";
				CLANG_ENABLE_MODULES = YES;
				CLANG_ENABLE_OBJC_ARC = YES;
				CLANG_WARN_BOOL_CONVERSION = YES;
				CLANG_WARN_CONSTANT_CONVERSION = YES;
				CLANG_WARN_DIRECT_OBJC_ISA_USAGE = YES_ERROR;
				CLANG_WARN_EMPTY_BODY = YES;
				CLANG_WARN_ENUM_CONVERSION = YES;
				CLANG_WARN_INT_CONVERSION = YES;
				CLANG_WARN_OBJC_ROOT_CLASS = YES_ERROR;
				CLANG_WARN_UNREACHABLE_CODE = YES;
				CLANG_WARN__DUPLICATE_METHOD_MATCH = YES;
				CODE_SIGN_IDENTITY = "iPhone Distribution: Karia Sanjay (GC67WT8T7M)";
				"CODE_SIGN_IDENTITY[sdk=iphoneos*]" = "iPhone Distribution: Karia Sanjay (GC67WT8T7M)";
				COPY_PHASE_STRIP = NO;
				ENABLE_STRICT_OBJC_MSGSEND = YES;
				GCC_C_LANGUAGE_STANDARD = gnu99;
				GCC_DYNAMIC_NO_PIC = NO;
				GCC_OPTIMIZATION_LEVEL = 0;
				GCC_PREPROCESSOR_DEFINITIONS = (
					"DEBUG=1",
					"$(inherited)",
				);
				GCC_SYMBOLS_PRIVATE_EXTERN = NO;
				GCC_WARN_64_TO_32_BIT_CONVERSION = YES;
				GCC_WARN_ABOUT_RETURN_TYPE = YES_ERROR;
				GCC_WARN_UNDECLARED_SELECTOR = YES;
				GCC_WARN_UNINITIALIZED_AUTOS = YES_AGGRESSIVE;
				GCC_WARN_UNUSED_FUNCTION = YES;
				GCC_WARN_UNUSED_VARIABLE = YES;
				IPHONEOS_DEPLOYMENT_TARGET = 7.0;
				MTL_ENABLE_DEBUG_INFO = YES;
				ONLY_ACTIVE_ARCH = YES;
				PROVISIONING_PROFILE = "a68c41a2-dc6a-4706-afe5-1c721431169a";
				SDKROOT = iphoneos;
			};
			name = Debug;
		};
		AE1A21FD19C66EF0009D5019 /* Release */ = {
			isa = XCBuildConfiguration;
			buildSettings = {
				ALWAYS_SEARCH_USER_PATHS = NO;
				CLANG_CXX_LANGUAGE_STANDARD = "gnu++0x";
				CLANG_CXX_LIBRARY = "libc++";
				CLANG_ENABLE_MODULES = YES;
				CLANG_ENABLE_OBJC_ARC = YES;
				CLANG_WARN_BOOL_CONVERSION = YES;
				CLANG_WARN_CONSTANT_CONVERSION = YES;
				CLANG_WARN_DIRECT_OBJC_ISA_USAGE = YES_ERROR;
				CLANG_WARN_EMPTY_BODY = YES;
				CLANG_WARN_ENUM_CONVERSION = YES;
				CLANG_WARN_INT_CONVERSION = YES;
				CLANG_WARN_OBJC_ROOT_CLASS = YES_ERROR;
				CLANG_WARN_UNREACHABLE_CODE = YES;
				CLANG_WARN__DUPLICATE_METHOD_MATCH = YES;
				CODE_SIGN_IDENTITY = "iPhone Distribution: Karia Sanjay (GC67WT8T7M)";
				"CODE_SIGN_IDENTITY[sdk=iphoneos*]" = "iPhone Distribution: Karia Sanjay (GC67WT8T7M)";
				COPY_PHASE_STRIP = YES;
				ENABLE_NS_ASSERTIONS = NO;
				ENABLE_STRICT_OBJC_MSGSEND = YES;
				GCC_C_LANGUAGE_STANDARD = gnu99;
				GCC_WARN_64_TO_32_BIT_CONVERSION = YES;
				GCC_WARN_ABOUT_RETURN_TYPE = YES_ERROR;
				GCC_WARN_UNDECLARED_SELECTOR = YES;
				GCC_WARN_UNINITIALIZED_AUTOS = YES_AGGRESSIVE;
				GCC_WARN_UNUSED_FUNCTION = YES;
				GCC_WARN_UNUSED_VARIABLE = YES;
				IPHONEOS_DEPLOYMENT_TARGET = 7.0;
				MTL_ENABLE_DEBUG_INFO = NO;
				PROVISIONING_PROFILE = "a68c41a2-dc6a-4706-afe5-1c721431169a";
				SDKROOT = iphoneos;
				VALIDATE_PRODUCT = YES;
			};
			name = Release;
		};
		AE1A21FF19C66EF0009D5019 /* Debug */ = {
			isa = XCBuildConfiguration;
			buildSettings = {
				ASSETCATALOG_COMPILER_APPICON_NAME = AppIcon;
				ASSETCATALOG_COMPILER_LAUNCHIMAGE_NAME = LaunchImage;
				CODE_SIGN_IDENTITY = "";
				"CODE_SIGN_IDENTITY[sdk=iphoneos*]" = "";
				FRAMEWORK_SEARCH_PATHS = (
					"$(inherited)",
					"/Users/harshkaria/Downloads/parse-library-1.3.0",
					"$(PROJECT_DIR)/NPHSApp",
				);
				INFOPLIST_FILE = NPHSApp/Info.plist;
				IPHONEOS_DEPLOYMENT_TARGET = 7.0;
				LD_RUNPATH_SEARCH_PATHS = "$(inherited) @executable_path/Frameworks";
				PRODUCT_NAME = NPHSApp;
				PROVISIONING_PROFILE = "a68c41a2-dc6a-4706-afe5-1c721431169a";
				TARGETED_DEVICE_FAMILY = 1;
			};
			name = Debug;
		};
		AE1A220019C66EF0009D5019 /* Release */ = {
			isa = XCBuildConfiguration;
			buildSettings = {
				ASSETCATALOG_COMPILER_APPICON_NAME = AppIcon;
				ASSETCATALOG_COMPILER_LAUNCHIMAGE_NAME = LaunchImage;
				CODE_SIGN_IDENTITY = "";
				"CODE_SIGN_IDENTITY[sdk=iphoneos*]" = "";
				FRAMEWORK_SEARCH_PATHS = (
					"$(inherited)",
					"/Users/harshkaria/Downloads/parse-library-1.3.0",
					"$(PROJECT_DIR)/NPHSApp",
				);
				INFOPLIST_FILE = NPHSApp/Info.plist;
				IPHONEOS_DEPLOYMENT_TARGET = 7.0;
				LD_RUNPATH_SEARCH_PATHS = "$(inherited) @executable_path/Frameworks";
				PRODUCT_NAME = NPHSApp;
				PROVISIONING_PROFILE = "a68c41a2-dc6a-4706-afe5-1c721431169a";
				TARGETED_DEVICE_FAMILY = 1;
			};
			name = Release;
		};
/* End XCBuildConfiguration section */

/* Begin XCConfigurationList section */
		AE1A21D619C66EEF009D5019 /* Build configuration list for PBXProject "NPHSApp" */ = {
			isa = XCConfigurationList;
			buildConfigurations = (
				AE1A21FC19C66EF0009D5019 /* Debug */,
				AE1A21FD19C66EF0009D5019 /* Release */,
			);
			defaultConfigurationIsVisible = 0;
			defaultConfigurationName = Release;
		};
		AE1A21FE19C66EF0009D5019 /* Build configuration list for PBXNativeTarget "NPHSApp" */ = {
			isa = XCConfigurationList;
			buildConfigurations = (
				AE1A21FF19C66EF0009D5019 /* Debug */,
				AE1A220019C66EF0009D5019 /* Release */,
			);
			defaultConfigurationIsVisible = 0;
			defaultConfigurationName = Release;
		};
/* End XCConfigurationList section */
	};
	rootObject = AE1A21D319C66EEF009D5019 /* Project object */;
}
